// !$*UTF8*$!
{
	archiveVersion = 1;
	classes = {
	};
	objectVersion = 50;
	objects = {

/* Begin PBXBuildFile section */
		3424C0A123E5FEB70063605B /* Main.storyboard in Resources */ = {isa = PBXBuildFile; fileRef = 3424C09F23E5FEB70063605B /* Main.storyboard */; };
		3474541B23D7D76A00DEFC9E /* Icon-App-40x40@2x-1.png in Resources */ = {isa = PBXBuildFile; fileRef = 3474541A23D7D76A00DEFC9E /* Icon-App-40x40@2x-1.png */; };
		3474541F23D7DC3400DEFC9E /* AnimalTriviaIcon.jpg in Resources */ = {isa = PBXBuildFile; fileRef = 3474541E23D7DC3400DEFC9E /* AnimalTriviaIcon.jpg */; };
		3474542923DA810400DEFC9E /* RabbitSquare.png in Resources */ = {isa = PBXBuildFile; fileRef = 3474542823DA810400DEFC9E /* RabbitSquare.png */; };
		3474542B23DA816900DEFC9E /* LionSquare.png in Resources */ = {isa = PBXBuildFile; fileRef = 3474542A23DA816900DEFC9E /* LionSquare.png */; };
		3474542D23DA819300DEFC9E /* Dog_square.png in Resources */ = {isa = PBXBuildFile; fileRef = 3474542C23DA819300DEFC9E /* Dog_square.png */; };
		3474542F23DA81F000DEFC9E /* Cats_Square.png in Resources */ = {isa = PBXBuildFile; fileRef = 3474542E23DA81F000DEFC9E /* Cats_Square.png */; };
		3474543123DD7BE500DEFC9E /* PHSLogo.JPG in Resources */ = {isa = PBXBuildFile; fileRef = 3474543023DD7BE500DEFC9E /* PHSLogo.JPG */; };
		3474543323DD805000DEFC9E /* PHSLogo.png in Resources */ = {isa = PBXBuildFile; fileRef = 3474543223DD805000DEFC9E /* PHSLogo.png */; };
		3474543923E397D000DEFC9E /* RabbitsQuestionList.json in Resources */ = {isa = PBXBuildFile; fileRef = 3474543823E397D000DEFC9E /* RabbitsQuestionList.json */; };
		3474543B23E3984B00DEFC9E /* WildLifeQuestionList.json in Resources */ = {isa = PBXBuildFile; fileRef = 3474543A23E3984B00DEFC9E /* WildLifeQuestionList.json */; };
		A7C3B697230E0802001ABE56 /* AppDelegate.swift in Sources */ = {isa = PBXBuildFile; fileRef = A7C3B696230E0802001ABE56 /* AppDelegate.swift */; };
		A7C3B69E230E0803001ABE56 /* Assets.xcassets in Resources */ = {isa = PBXBuildFile; fileRef = A7C3B69D230E0803001ABE56 /* Assets.xcassets */; };
		A7C3B6A1230E0803001ABE56 /* LaunchScreen.storyboard in Resources */ = {isa = PBXBuildFile; fileRef = A7C3B69F230E0803001ABE56 /* LaunchScreen.storyboard */; settings = {ASSET_TAGS = ("c`xcsx", ); }; };
		A7C3B6AC230E0803001ABE56 /* animalTriviaTests.swift in Sources */ = {isa = PBXBuildFile; fileRef = A7C3B6AB230E0803001ABE56 /* animalTriviaTests.swift */; };
		A7C3B6BA230E0BB4001ABE56 /* MainViewController.swift in Sources */ = {isa = PBXBuildFile; fileRef = A7C3B6B9230E0BB4001ABE56 /* MainViewController.swift */; };
		A7C3B6BC230E0C66001ABE56 /* MainTableViewCell.swift in Sources */ = {isa = PBXBuildFile; fileRef = A7C3B6BB230E0C66001ABE56 /* MainTableViewCell.swift */; };
		A7C3B6BE230E0F4F001ABE56 /* Animal.swift in Sources */ = {isa = PBXBuildFile; fileRef = A7C3B6BD230E0F4F001ABE56 /* Animal.swift */; };
		A7C3B6C0230EF681001ABE56 /* Question.swift in Sources */ = {isa = PBXBuildFile; fileRef = A7C3B6BF230EF681001ABE56 /* Question.swift */; };
		A7C3B6C2230EF992001ABE56 /* CatsQuestionList.json in Resources */ = {isa = PBXBuildFile; fileRef = A7C3B6C1230EF991001ABE56 /* CatsQuestionList.json */; };
		A7C3B6C4230F7DF5001ABE56 /* QuestionViewController.swift in Sources */ = {isa = PBXBuildFile; fileRef = A7C3B6C3230F7DF5001ABE56 /* QuestionViewController.swift */; };
		A7C3B6C62310A23B001ABE56 /* DogsQuestionList.json in Resources */ = {isa = PBXBuildFile; fileRef = A7C3B6C52310A23B001ABE56 /* DogsQuestionList.json */; };
		A7C3B6C8231366F1001ABE56 /* AnswerViewController.swift in Sources */ = {isa = PBXBuildFile; fileRef = A7C3B6C7231366F1001ABE56 /* AnswerViewController.swift */; };
/* End PBXBuildFile section */

/* Begin PBXContainerItemProxy section */
		A7C3B6A8230E0803001ABE56 /* PBXContainerItemProxy */ = {
			isa = PBXContainerItemProxy;
			containerPortal = A7C3B68B230E0802001ABE56 /* Project object */;
			proxyType = 1;
			remoteGlobalIDString = A7C3B692230E0802001ABE56;
			remoteInfo = animalTrivia;
		};
/* End PBXContainerItemProxy section */

/* Begin PBXFileReference section */
		3424C0A023E5FEB70063605B /* Base */ = {isa = PBXFileReference; lastKnownFileType = file.storyboard; name = Base; path = animalTrivia/Base.lproj/Main.storyboard; sourceTree = SOURCE_ROOT; };
		3474541A23D7D76A00DEFC9E /* Icon-App-40x40@2x-1.png */ = {isa = PBXFileReference; lastKnownFileType = image.png; name = "Icon-App-40x40@2x-1.png"; path = "Assets.xcassets/AppIcon.appiconset/Icon-App-40x40@2x-1.png"; sourceTree = "<group>"; };
		3474541E23D7DC3400DEFC9E /* AnimalTriviaIcon.jpg */ = {isa = PBXFileReference; lastKnownFileType = image.jpeg; path = AnimalTriviaIcon.jpg; sourceTree = "<group>"; };
		3474542823DA810400DEFC9E /* RabbitSquare.png */ = {isa = PBXFileReference; lastKnownFileType = image.png; path = RabbitSquare.png; sourceTree = "<group>"; };
		3474542A23DA816900DEFC9E /* LionSquare.png */ = {isa = PBXFileReference; lastKnownFileType = image.png; path = LionSquare.png; sourceTree = "<group>"; };
		3474542C23DA819300DEFC9E /* Dog_square.png */ = {isa = PBXFileReference; lastKnownFileType = image.png; path = Dog_square.png; sourceTree = "<group>"; };
		3474542E23DA81F000DEFC9E /* Cats_Square.png */ = {isa = PBXFileReference; lastKnownFileType = image.png; path = Cats_Square.png; sourceTree = "<group>"; };
		3474543023DD7BE500DEFC9E /* PHSLogo.JPG */ = {isa = PBXFileReference; lastKnownFileType = image.jpeg; path = PHSLogo.JPG; sourceTree = "<group>"; };
		3474543223DD805000DEFC9E /* PHSLogo.png */ = {isa = PBXFileReference; lastKnownFileType = image.png; path = PHSLogo.png; sourceTree = "<group>"; };
		3474543823E397D000DEFC9E /* RabbitsQuestionList.json */ = {isa = PBXFileReference; fileEncoding = 4; lastKnownFileType = text.json; path = RabbitsQuestionList.json; sourceTree = "<group>"; };
		3474543A23E3984B00DEFC9E /* WildLifeQuestionList.json */ = {isa = PBXFileReference; fileEncoding = 4; lastKnownFileType = text.json; path = WildLifeQuestionList.json; sourceTree = "<group>"; };
		A7C3B693230E0802001ABE56 /* animalTrivia.app */ = {isa = PBXFileReference; explicitFileType = wrapper.application; includeInIndex = 0; path = animalTrivia.app; sourceTree = BUILT_PRODUCTS_DIR; };
		A7C3B696230E0802001ABE56 /* AppDelegate.swift */ = {isa = PBXFileReference; lastKnownFileType = sourcecode.swift; path = AppDelegate.swift; sourceTree = "<group>"; };
		A7C3B69D230E0803001ABE56 /* Assets.xcassets */ = {isa = PBXFileReference; lastKnownFileType = folder.assetcatalog; path = Assets.xcassets; sourceTree = "<group>"; };
		A7C3B6A0230E0803001ABE56 /* Base */ = {isa = PBXFileReference; lastKnownFileType = file.storyboard; name = Base; path = Base.lproj/LaunchScreen.storyboard; sourceTree = "<group>"; };
		A7C3B6A2230E0803001ABE56 /* Info.plist */ = {isa = PBXFileReference; lastKnownFileType = text.plist.xml; path = Info.plist; sourceTree = "<group>"; };
		A7C3B6A7230E0803001ABE56 /* animalTriviaTests.xctest */ = {isa = PBXFileReference; explicitFileType = wrapper.cfbundle; includeInIndex = 0; path = animalTriviaTests.xctest; sourceTree = BUILT_PRODUCTS_DIR; };
		A7C3B6AB230E0803001ABE56 /* animalTriviaTests.swift */ = {isa = PBXFileReference; lastKnownFileType = sourcecode.swift; path = animalTriviaTests.swift; sourceTree = "<group>"; };
		A7C3B6AD230E0803001ABE56 /* Info.plist */ = {isa = PBXFileReference; lastKnownFileType = text.plist.xml; path = Info.plist; sourceTree = "<group>"; };
		A7C3B6B9230E0BB4001ABE56 /* MainViewController.swift */ = {isa = PBXFileReference; lastKnownFileType = sourcecode.swift; path = MainViewController.swift; sourceTree = "<group>"; };
		A7C3B6BB230E0C66001ABE56 /* MainTableViewCell.swift */ = {isa = PBXFileReference; lastKnownFileType = sourcecode.swift; path = MainTableViewCell.swift; sourceTree = "<group>"; };
		A7C3B6BD230E0F4F001ABE56 /* Animal.swift */ = {isa = PBXFileReference; lastKnownFileType = sourcecode.swift; path = Animal.swift; sourceTree = "<group>"; };
		A7C3B6BF230EF681001ABE56 /* Question.swift */ = {isa = PBXFileReference; lastKnownFileType = sourcecode.swift; path = Question.swift; sourceTree = "<group>"; };
		A7C3B6C1230EF991001ABE56 /* CatsQuestionList.json */ = {isa = PBXFileReference; fileEncoding = 4; lastKnownFileType = text.json; path = CatsQuestionList.json; sourceTree = "<group>"; };
		A7C3B6C3230F7DF5001ABE56 /* QuestionViewController.swift */ = {isa = PBXFileReference; lastKnownFileType = sourcecode.swift; path = QuestionViewController.swift; sourceTree = "<group>"; };
		A7C3B6C52310A23B001ABE56 /* DogsQuestionList.json */ = {isa = PBXFileReference; fileEncoding = 4; lastKnownFileType = text.json; path = DogsQuestionList.json; sourceTree = "<group>"; };
		A7C3B6C7231366F1001ABE56 /* AnswerViewController.swift */ = {isa = PBXFileReference; lastKnownFileType = sourcecode.swift; path = AnswerViewController.swift; sourceTree = "<group>"; };
/* End PBXFileReference section */

/* Begin PBXFrameworksBuildPhase section */
		A7C3B690230E0802001ABE56 /* Frameworks */ = {
			isa = PBXFrameworksBuildPhase;
			buildActionMask = 2147483647;
			files = (
			);
			runOnlyForDeploymentPostprocessing = 0;
		};
		A7C3B6A4230E0803001ABE56 /* Frameworks */ = {
			isa = PBXFrameworksBuildPhase;
			buildActionMask = 2147483647;
			files = (
			);
			runOnlyForDeploymentPostprocessing = 0;
		};
/* End PBXFrameworksBuildPhase section */

/* Begin PBXGroup section */
		A7C3B68A230E0802001ABE56 = {
			isa = PBXGroup;
			children = (
				A7C3B695230E0802001ABE56 /* animalTrivia */,
				A7C3B6AA230E0803001ABE56 /* animalTriviaTests */,
				A7C3B694230E0802001ABE56 /* Products */,
			);
			sourceTree = "<group>";
		};
		A7C3B694230E0802001ABE56 /* Products */ = {
			isa = PBXGroup;
			children = (
				A7C3B693230E0802001ABE56 /* animalTrivia.app */,
				A7C3B6A7230E0803001ABE56 /* animalTriviaTests.xctest */,
			);
			name = Products;
			sourceTree = "<group>";
		};
		A7C3B695230E0802001ABE56 /* animalTrivia */ = {
			isa = PBXGroup;
			children = (
				A7C3B6B7230E0B57001ABE56 /* Model */,
				A7C3B6B6230E0B4A001ABE56 /* View */,
				A7C3B696230E0802001ABE56 /* AppDelegate.swift */,
				3424C09F23E5FEB70063605B /* Main.storyboard */,
				3474541A23D7D76A00DEFC9E /* Icon-App-40x40@2x-1.png */,
				A7C3B69D230E0803001ABE56 /* Assets.xcassets */,
				3474542E23DA81F000DEFC9E /* Cats_Square.png */,
				3474541E23D7DC3400DEFC9E /* AnimalTriviaIcon.jpg */,
				A7C3B6C1230EF991001ABE56 /* CatsQuestionList.json */,
				A7C3B6C52310A23B001ABE56 /* DogsQuestionList.json */,
				3474543823E397D000DEFC9E /* RabbitsQuestionList.json */,
				3474543A23E3984B00DEFC9E /* WildLifeQuestionList.json */,
				A7C3B6A2230E0803001ABE56 /* Info.plist */,
			);
			path = animalTrivia;
			sourceTree = "<group>";
		};
		A7C3B6AA230E0803001ABE56 /* animalTriviaTests */ = {
			isa = PBXGroup;
			children = (
				A7C3B6AB230E0803001ABE56 /* animalTriviaTests.swift */,
				A7C3B6AD230E0803001ABE56 /* Info.plist */,
			);
			path = animalTriviaTests;
			sourceTree = "<group>";
		};
		A7C3B6B6230E0B4A001ABE56 /* View */ = {
			isa = PBXGroup;
			children = (
				A7C3B6B9230E0BB4001ABE56 /* MainViewController.swift */,
				A7C3B6BB230E0C66001ABE56 /* MainTableViewCell.swift */,
				A7C3B6C3230F7DF5001ABE56 /* QuestionViewController.swift */,
				3474542C23DA819300DEFC9E /* Dog_square.png */,
				3474542823DA810400DEFC9E /* RabbitSquare.png */,
				3474542A23DA816900DEFC9E /* LionSquare.png */,
				3474543023DD7BE500DEFC9E /* PHSLogo.JPG */,
				3474543223DD805000DEFC9E /* PHSLogo.png */,
				A7C3B69F230E0803001ABE56 /* LaunchScreen.storyboard */,
				A7C3B6C7231366F1001ABE56 /* AnswerViewController.swift */,
			);
			path = View;
			sourceTree = "<group>";
		};
		A7C3B6B7230E0B57001ABE56 /* Model */ = {
			isa = PBXGroup;
			children = (
				A7C3B6BD230E0F4F001ABE56 /* Animal.swift */,
				A7C3B6BF230EF681001ABE56 /* Question.swift */,
			);
			path = Model;
			sourceTree = "<group>";
		};
/* End PBXGroup section */

/* Begin PBXNativeTarget section */
		A7C3B692230E0802001ABE56 /* animalTrivia */ = {
			isa = PBXNativeTarget;
			buildConfigurationList = A7C3B6B0230E0803001ABE56 /* Build configuration list for PBXNativeTarget "animalTrivia" */;
			buildPhases = (
				A7C3B68F230E0802001ABE56 /* Sources */,
				A7C3B690230E0802001ABE56 /* Frameworks */,
				A7C3B691230E0802001ABE56 /* Resources */,
			);
			buildRules = (
			);
			dependencies = (
			);
			name = animalTrivia;
			productName = animalTrivia;
			productReference = A7C3B693230E0802001ABE56 /* animalTrivia.app */;
			productType = "com.apple.product-type.application";
		};
		A7C3B6A6230E0803001ABE56 /* animalTriviaTests */ = {
			isa = PBXNativeTarget;
			buildConfigurationList = A7C3B6B3230E0803001ABE56 /* Build configuration list for PBXNativeTarget "animalTriviaTests" */;
			buildPhases = (
				A7C3B6A3230E0803001ABE56 /* Sources */,
				A7C3B6A4230E0803001ABE56 /* Frameworks */,
				A7C3B6A5230E0803001ABE56 /* Resources */,
			);
			buildRules = (
			);
			dependencies = (
				A7C3B6A9230E0803001ABE56 /* PBXTargetDependency */,
			);
			name = animalTriviaTests;
			productName = animalTriviaTests;
			productReference = A7C3B6A7230E0803001ABE56 /* animalTriviaTests.xctest */;
			productType = "com.apple.product-type.bundle.unit-test";
		};
/* End PBXNativeTarget section */

/* Begin PBXProject section */
		A7C3B68B230E0802001ABE56 /* Project object */ = {
			isa = PBXProject;
			attributes = {
				KnownAssetTags = (
					"c`xcsx",
				);
				LastSwiftUpdateCheck = 1030;
				LastUpgradeCheck = 1030;
				ORGANIZATIONNAME = "Raein Mehraban Teymouri";
				TargetAttributes = {
					A7C3B692230E0802001ABE56 = {
						CreatedOnToolsVersion = 10.3;
					};
					A7C3B6A6230E0803001ABE56 = {
						CreatedOnToolsVersion = 10.3;
						TestTargetID = A7C3B692230E0802001ABE56;
					};
				};
			};
			buildConfigurationList = A7C3B68E230E0802001ABE56 /* Build configuration list for PBXProject "animalTrivia" */;
			compatibilityVersion = "Xcode 9.3";
			developmentRegion = en;
			hasScannedForEncodings = 0;
			knownRegions = (
				en,
				Base,
			);
			mainGroup = A7C3B68A230E0802001ABE56;
			productRefGroup = A7C3B694230E0802001ABE56 /* Products */;
			projectDirPath = "";
			projectRoot = "";
			targets = (
				A7C3B692230E0802001ABE56 /* animalTrivia */,
				A7C3B6A6230E0803001ABE56 /* animalTriviaTests */,
			);
		};
/* End PBXProject section */

/* Begin PBXResourcesBuildPhase section */
		A7C3B691230E0802001ABE56 /* Resources */ = {
			isa = PBXResourcesBuildPhase;
			buildActionMask = 2147483647;
			files = (
				3474542923DA810400DEFC9E /* RabbitSquare.png in Resources */,
				3474541B23D7D76A00DEFC9E /* Icon-App-40x40@2x-1.png in Resources */,
				A7C3B6A1230E0803001ABE56 /* LaunchScreen.storyboard in Resources */,
				A7C3B6C62310A23B001ABE56 /* DogsQuestionList.json in Resources */,
				A7C3B6C2230EF992001ABE56 /* CatsQuestionList.json in Resources */,
				3474543B23E3984B00DEFC9E /* WildLifeQuestionList.json in Resources */,
				3474543323DD805000DEFC9E /* PHSLogo.png in Resources */,
				3474543123DD7BE500DEFC9E /* PHSLogo.JPG in Resources */,
				3474541F23D7DC3400DEFC9E /* AnimalTriviaIcon.jpg in Resources */,
				3474542B23DA816900DEFC9E /* LionSquare.png in Resources */,
				3424C0A123E5FEB70063605B /* Main.storyboard in Resources */,
				A7C3B69E230E0803001ABE56 /* Assets.xcassets in Resources */,
				3474542F23DA81F000DEFC9E /* Cats_Square.png in Resources */,
				3474543923E397D000DEFC9E /* RabbitsQuestionList.json in Resources */,
				3474542D23DA819300DEFC9E /* Dog_square.png in Resources */,
			);
			runOnlyForDeploymentPostprocessing = 0;
		};
		A7C3B6A5230E0803001ABE56 /* Resources */ = {
			isa = PBXResourcesBuildPhase;
			buildActionMask = 2147483647;
			files = (
			);
			runOnlyForDeploymentPostprocessing = 0;
		};
/* End PBXResourcesBuildPhase section */

/* Begin PBXSourcesBuildPhase section */
		A7C3B68F230E0802001ABE56 /* Sources */ = {
			isa = PBXSourcesBuildPhase;
			buildActionMask = 2147483647;
			files = (
				A7C3B6C0230EF681001ABE56 /* Question.swift in Sources */,
				A7C3B6C8231366F1001ABE56 /* AnswerViewController.swift in Sources */,
				A7C3B697230E0802001ABE56 /* AppDelegate.swift in Sources */,
				A7C3B6C4230F7DF5001ABE56 /* QuestionViewController.swift in Sources */,
				A7C3B6BE230E0F4F001ABE56 /* Animal.swift in Sources */,
				A7C3B6BC230E0C66001ABE56 /* MainTableViewCell.swift in Sources */,
				A7C3B6BA230E0BB4001ABE56 /* MainViewController.swift in Sources */,
			);
			runOnlyForDeploymentPostprocessing = 0;
		};
		A7C3B6A3230E0803001ABE56 /* Sources */ = {
			isa = PBXSourcesBuildPhase;
			buildActionMask = 2147483647;
			files = (
				A7C3B6AC230E0803001ABE56 /* animalTriviaTests.swift in Sources */,
			);
			runOnlyForDeploymentPostprocessing = 0;
		};
/* End PBXSourcesBuildPhase section */

/* Begin PBXTargetDependency section */
		A7C3B6A9230E0803001ABE56 /* PBXTargetDependency */ = {
			isa = PBXTargetDependency;
			target = A7C3B692230E0802001ABE56 /* animalTrivia */;
			targetProxy = A7C3B6A8230E0803001ABE56 /* PBXContainerItemProxy */;
		};
/* End PBXTargetDependency section */

/* Begin PBXVariantGroup section */
		3424C09F23E5FEB70063605B /* Main.storyboard */ = {
			isa = PBXVariantGroup;
			children = (
				3424C0A023E5FEB70063605B /* Base */,
			);
			name = Main.storyboard;
			path = animalTrivia;
			sourceTree = SOURCE_ROOT;
		};
		A7C3B69F230E0803001ABE56 /* LaunchScreen.storyboard */ = {
			isa = PBXVariantGroup;
			children = (
				A7C3B6A0230E0803001ABE56 /* Base */,
			);
			name = LaunchScreen.storyboard;
			sourceTree = "<group>";
		};
/* End PBXVariantGroup section */

/* Begin XCBuildConfiguration section */
		A7C3B6AE230E0803001ABE56 /* Debug */ = {
			isa = XCBuildConfiguration;
			buildSettings = {
				ALWAYS_SEARCH_USER_PATHS = NO;
				CLANG_ANALYZER_NONNULL = YES;
				CLANG_ANALYZER_NUMBER_OBJECT_CONVERSION = YES;
				CLANG_CXX_LANGUAGE_STANDARD = "gnu++14";
				CLANG_CXX_LIBRARY = "libc++";
				CLANG_ENABLE_MODULES = YES;
				CLANG_ENABLE_OBJC_ARC = YES;
				CLANG_ENABLE_OBJC_WEAK = YES;
				CLANG_WARN_BLOCK_CAPTURE_AUTORELEASING = YES;
				CLANG_WARN_BOOL_CONVERSION = YES;
				CLANG_WARN_COMMA = YES;
				CLANG_WARN_CONSTANT_CONVERSION = YES;
				CLANG_WARN_DEPRECATED_OBJC_IMPLEMENTATIONS = YES;
				CLANG_WARN_DIRECT_OBJC_ISA_USAGE = YES;
				CLANG_WARN_DOCUMENTATION_COMMENTS = YES;
				CLANG_WARN_EMPTY_BODY = YES;
				CLANG_WARN_ENUM_CONVERSION = YES;
				CLANG_WARN_INFINITE_RECURSION = YES;
				CLANG_WARN_INT_CONVERSION = YES;
				CLANG_WARN_NON_LITERAL_NULL_CONVERSION = YES;
				CLANG_WARN_OBJC_IMPLICIT_RETAIN_SELF = YES;
				CLANG_WARN_OBJC_LITERAL_CONVERSION = YES;
				CLANG_WARN_OBJC_ROOT_CLASS = YES_ERROR;
				CLANG_WARN_RANGE_LOOP_ANALYSIS = YES;
				CLANG_WARN_SEMICOLON_BEFORE_METHOD_BODY = YES;
				CLANG_WARN_STRICT_PROTOTYPES = YES;
				CLANG_WARN_SUSPICIOUS_MOVE = YES;
				CLANG_WARN_UNGUARDED_AVAILABILITY = YES_AGGRESSIVE;
				CLANG_WARN_UNREACHABLE_CODE = YES;
				CLANG_WARN__DUPLICATE_METHOD_MATCH = YES;
				CODE_SIGN_IDENTITY = "iPhone Developer";
				COPY_PHASE_STRIP = NO;
				DEBUG_INFORMATION_FORMAT = dwarf;
				ENABLE_STRICT_OBJC_MSGSEND = YES;
				ENABLE_TESTABILITY = YES;
				GCC_C_LANGUAGE_STANDARD = gnu11;
				GCC_DYNAMIC_NO_PIC = NO;
				GCC_NO_COMMON_BLOCKS = YES;
				GCC_OPTIMIZATION_LEVEL = 0;
				GCC_PREPROCESSOR_DEFINITIONS = (
					"DEBUG=1",
					"$(inherited)",
				);
				GCC_WARN_64_TO_32_BIT_CONVERSION = YES;
				GCC_WARN_ABOUT_RETURN_TYPE = YES_ERROR;
				GCC_WARN_UNDECLARED_SELECTOR = YES;
				GCC_WARN_UNINITIALIZED_AUTOS = YES_AGGRESSIVE;
				GCC_WARN_UNUSED_FUNCTION = YES;
				GCC_WARN_UNUSED_VARIABLE = YES;
				IPHONEOS_DEPLOYMENT_TARGET = 12.0;
				MTL_ENABLE_DEBUG_INFO = INCLUDE_SOURCE;
				MTL_FAST_MATH = YES;
				ONLY_ACTIVE_ARCH = YES;
				SDKROOT = iphoneos;
				SWIFT_ACTIVE_COMPILATION_CONDITIONS = DEBUG;
				SWIFT_OPTIMIZATION_LEVEL = "-Onone";
			};
			name = Debug;
		};
		A7C3B6AF230E0803001ABE56 /* Release */ = {
			isa = XCBuildConfiguration;
			buildSettings = {
				ALWAYS_SEARCH_USER_PATHS = NO;
				CLANG_ANALYZER_NONNULL = YES;
				CLANG_ANALYZER_NUMBER_OBJECT_CONVERSION = YES;
				CLANG_CXX_LANGUAGE_STANDARD = "gnu++14";
				CLANG_CXX_LIBRARY = "libc++";
				CLANG_ENABLE_MODULES = YES;
				CLANG_ENABLE_OBJC_ARC = YES;
				CLANG_ENABLE_OBJC_WEAK = YES;
				CLANG_WARN_BLOCK_CAPTURE_AUTORELEASING = YES;
				CLANG_WARN_BOOL_CONVERSION = YES;
				CLANG_WARN_COMMA = YES;
				CLANG_WARN_CONSTANT_CONVERSION = YES;
				CLANG_WARN_DEPRECATED_OBJC_IMPLEMENTATIONS = YES;
				CLANG_WARN_DIRECT_OBJC_ISA_USAGE = YES;
				CLANG_WARN_DOCUMENTATION_COMMENTS = YES;
				CLANG_WARN_EMPTY_BODY = YES;
				CLANG_WARN_ENUM_CONVERSION = YES;
				CLANG_WARN_INFINITE_RECURSION = YES;
				CLANG_WARN_INT_CONVERSION = YES;
				CLANG_WARN_NON_LITERAL_NULL_CONVERSION = YES;
				CLANG_WARN_OBJC_IMPLICIT_RETAIN_SELF = YES;
				CLANG_WARN_OBJC_LITERAL_CONVERSION = YES;
				CLANG_WARN_OBJC_ROOT_CLASS = YES_ERROR;
				CLANG_WARN_RANGE_LOOP_ANALYSIS = YES;
				CLANG_WARN_SEMICOLON_BEFORE_METHOD_BODY = YES;
				CLANG_WARN_STRICT_PROTOTYPES = YES;
				CLANG_WARN_SUSPICIOUS_MOVE = YES;
				CLANG_WARN_UNGUARDED_AVAILABILITY = YES_AGGRESSIVE;
				CLANG_WARN_UNREACHABLE_CODE = YES;
				CLANG_WARN__DUPLICATE_METHOD_MATCH = YES;
				CODE_SIGN_IDENTITY = "iPhone Developer";
				COPY_PHASE_STRIP = NO;
				DEBUG_INFORMATION_FORMAT = "dwarf-with-dsym";
				ENABLE_NS_ASSERTIONS = NO;
				ENABLE_STRICT_OBJC_MSGSEND = YES;
				GCC_C_LANGUAGE_STANDARD = gnu11;
				GCC_NO_COMMON_BLOCKS = YES;
				GCC_WARN_64_TO_32_BIT_CONVERSION = YES;
				GCC_WARN_ABOUT_RETURN_TYPE = YES_ERROR;
				GCC_WARN_UNDECLARED_SELECTOR = YES;
				GCC_WARN_UNINITIALIZED_AUTOS = YES_AGGRESSIVE;
				GCC_WARN_UNUSED_FUNCTION = YES;
				GCC_WARN_UNUSED_VARIABLE = YES;
				IPHONEOS_DEPLOYMENT_TARGET = 12.0;
				MTL_ENABLE_DEBUG_INFO = NO;
				MTL_FAST_MATH = YES;
				SDKROOT = iphoneos;
				SWIFT_COMPILATION_MODE = wholemodule;
				SWIFT_OPTIMIZATION_LEVEL = "-O";
				VALIDATE_PRODUCT = YES;
			};
			name = Release;
		};
		A7C3B6B1230E0803001ABE56 /* Debug */ = {
			isa = XCBuildConfiguration;
			buildSettings = {
				ASSETCATALOG_COMPILER_APPICON_NAME = AppIcon;
				CODE_SIGN_STYLE = Automatic;
				DEVELOPMENT_TEAM = SHNWVSWQ72;
				INFOPLIST_FILE = animalTrivia/Info.plist;
				LD_RUNPATH_SEARCH_PATHS = (
					"$(inherited)",
					"@executable_path/Frameworks",
				);
				PRODUCT_BUNDLE_IDENTIFIER = com.raein.animalTrivia;
				PRODUCT_NAME = "$(TARGET_NAME)";
				SWIFT_VERSION = 5.0;
				TARGETED_DEVICE_FAMILY = "1,2";
			};
			name = Debug;
		};
		A7C3B6B2230E0803001ABE56 /* Release */ = {
			isa = XCBuildConfiguration;
			buildSettings = {
				ASSETCATALOG_COMPILER_APPICON_NAME = AppIcon;
				CODE_SIGN_STYLE = Automatic;
				DEVELOPMENT_TEAM = SHNWVSWQ72;
				INFOPLIST_FILE = animalTrivia/Info.plist;
				LD_RUNPATH_SEARCH_PATHS = (
					"$(inherited)",
					"@executable_path/Frameworks",
				);
				PRODUCT_BUNDLE_IDENTIFIER = com.raein.animalTrivia;
				PRODUCT_NAME = "$(TARGET_NAME)";
				SWIFT_VERSION = 5.0;
				TARGETED_DEVICE_FAMILY = "1,2";
			};
			name = Release;
		};
		A7C3B6B4230E0803001ABE56 /* Debug */ = {
			isa = XCBuildConfiguration;
			buildSettings = {
				ALWAYS_EMBED_SWIFT_STANDARD_LIBRARIES = YES;
				BUNDLE_LOADER = "$(TEST_HOST)";
				CODE_SIGN_STYLE = Automatic;
				DEVELOPMENT_TEAM = SHNWVSWQ72;
				INFOPLIST_FILE = animalTriviaTests/Info.plist;
				LD_RUNPATH_SEARCH_PATHS = (
					"$(inherited)",
					"@executable_path/Frameworks",
					"@loader_path/Frameworks",
				);
				PRODUCT_BUNDLE_IDENTIFIER = com.raein.animalTriviaTests;
				PRODUCT_NAME = "$(TARGET_NAME)";
				SWIFT_VERSION = 5.0;
				TARGETED_DEVICE_FAMILY = "1,2";
				TEST_HOST = "$(BUILT_PRODUCTS_DIR)/animalTrivia.app/animalTrivia";
			};
			name = Debug;
		};
		A7C3B6B5230E0803001ABE56 /* Release */ = {
			isa = XCBuildConfiguration;
			buildSettings = {
				ALWAYS_EMBED_SWIFT_STANDARD_LIBRARIES = YES;
				BUNDLE_LOADER = "$(TEST_HOST)";
				CODE_SIGN_STYLE = Automatic;
				DEVELOPMENT_TEAM = SHNWVSWQ72;
				INFOPLIST_FILE = animalTriviaTests/Info.plist;
				LD_RUNPATH_SEARCH_PATHS = (
					"$(inherited)",
					"@executable_path/Frameworks",
					"@loader_path/Frameworks",
				);
				PRODUCT_BUNDLE_IDENTIFIER = com.raein.animalTriviaTests;
				PRODUCT_NAME = "$(TARGET_NAME)";
				SWIFT_VERSION = 5.0;
				TARGETED_DEVICE_FAMILY = "1,2";
				TEST_HOST = "$(BUILT_PRODUCTS_DIR)/animalTrivia.app/animalTrivia";
			};
			name = Release;
		};
/* End XCBuildConfiguration section */

/* Begin XCConfigurationList section */
		A7C3B68E230E0802001ABE56 /* Build configuration list for PBXProject "animalTrivia" */ = {
			isa = XCConfigurationList;
			buildConfigurations = (
				A7C3B6AE230E0803001ABE56 /* Debug */,
				A7C3B6AF230E0803001ABE56 /* Release */,
			);
			defaultConfigurationIsVisible = 0;
			defaultConfigurationName = Release;
		};
		A7C3B6B0230E0803001ABE56 /* Build configuration list for PBXNativeTarget "animalTrivia" */ = {
			isa = XCConfigurationList;
			buildConfigurations = (
				A7C3B6B1230E0803001ABE56 /* Debug */,
				A7C3B6B2230E0803001ABE56 /* Release */,
			);
			defaultConfigurationIsVisible = 0;
			defaultConfigurationName = Release;
		};
		A7C3B6B3230E0803001ABE56 /* Build configuration list for PBXNativeTarget "animalTriviaTests" */ = {
			isa = XCConfigurationList;
			buildConfigurations = (
				A7C3B6B4230E0803001ABE56 /* Debug */,
				A7C3B6B5230E0803001ABE56 /* Release */,
			);
			defaultConfigurationIsVisible = 0;
			defaultConfigurationName = Release;
		};
/* End XCConfigurationList section */
	};
	rootObject = A7C3B68B230E0802001ABE56 /* Project object */;
}
